
Microsoft Visual Studio Solution File, Format Version 12.00
# Visual Studio Version 17
VisualStudioVersion = 17.14.36310.24
MinimumVisualStudioVersion = 10.0.40219.1
Project("{FAE04EC0-301F-11D3-BF4B-00C04F79EFBC}") = "Application", "src\Application\Application.csproj", "{BB7529E5-5803-4D76-BAB3-19E5A366460D}"
EndProject
Project("{FAE04EC0-301F-11D3-BF4B-00C04F79EFBC}") = "Domain", "src\Domain\Domain.csproj", "{AE467A54-1385-48EE-A7FE-A1D354AC9A09}"
EndProject
Project("{FAE04EC0-301F-11D3-BF4B-00C04F79EFBC}") = "Web", "src\Web\Web.csproj", "{5B45E1D5-3229-4632-9612-84C26525AB14}"
EndProject
Project("{FAE04EC0-301F-11D3-BF4B-00C04F79EFBC}") = "Application.UnitTests", "tests\Application.UnitTests\Application.UnitTests.csproj", "{4FF23357-BEA1-4825-B9EE-CD7F43AB3D44}"
EndProject
Project("{FAE04EC0-301F-11D3-BF4B-00C04F79EFBC}") = "Domain.UnitTests", "tests\Domain.UnitTests\Domain.UnitTests.csproj", "{5313D6D7-E1A6-4797-9AAA-F12BB4D96249}"
EndProject
Project("{2150E333-8FDC-42A3-9474-1A3956D46DE8}") = "Tests", "Tests", "{02EA681E-C7D8-13C7-8484-4AC65E1B71E8}"
EndProject
Project("{FAE04EC0-301F-11D3-BF4B-00C04F79EFBC}") = "Web.UnitTests", "tests\Web.UnitTests\Web.UnitTests.csproj", "{BF0C8263-2604-D0D7-ABDA-8490A80E7B60}"
EndProject
Global
	GlobalSection(SolutionConfigurationPlatforms) = preSolution
		Debug|Any CPU = Debug|Any CPU
		Release|Any CPU = Release|Any CPU
	EndGlobalSection
	GlobalSection(ProjectConfigurationPlatforms) = postSolution
		{BB7529E5-5803-4D76-BAB3-19E5A366460D}.Debug|Any CPU.ActiveCfg = Debug|Any CPU
		{BB7529E5-5803-4D76-BAB3-19E5A366460D}.Debug|Any CPU.Build.0 = Debug|Any CPU
		{BB7529E5-5803-4D76-BAB3-19E5A366460D}.Release|Any CPU.ActiveCfg = Release|Any CPU
		{BB7529E5-5803-4D76-BAB3-19E5A366460D}.Release|Any CPU.Build.0 = Release|Any CPU
		{AE467A54-1385-48EE-A7FE-A1D354AC9A09}.Debug|Any CPU.ActiveCfg = Debug|Any CPU
		{AE467A54-1385-48EE-A7FE-A1D354AC9A09}.Debug|Any CPU.Build.0 = Debug|Any CPU
		{AE467A54-1385-48EE-A7FE-A1D354AC9A09}.Release|Any CPU.ActiveCfg = Release|Any CPU
		{AE467A54-1385-48EE-A7FE-A1D354AC9A09}.Release|Any CPU.Build.0 = Release|Any CPU
		{5B45E1D5-3229-4632-9612-84C26525AB14}.Debug|Any CPU.ActiveCfg = Debug|Any CPU
		{5B45E1D5-3229-4632-9612-84C26525AB14}.Debug|Any CPU.Build.0 = Debug|Any CPU
		{5B45E1D5-3229-4632-9612-84C26525AB14}.Release|Any CPU.ActiveCfg = Release|Any CPU
		{5B45E1D5-3229-4632-9612-84C26525AB14}.Release|Any CPU.Build.0 = Release|Any CPU
		{4FF23357-BEA1-4825-B9EE-CD7F43AB3D44}.Debug|Any CPU.ActiveCfg = Debug|Any CPU
		{4FF23357-BEA1-4825-B9EE-CD7F43AB3D44}.Debug|Any CPU.Build.0 = Debug|Any CPU
		{4FF23357-BEA1-4825-B9EE-CD7F43AB3D44}.Release|Any CPU.ActiveCfg = Release|Any CPU
		{4FF23357-BEA1-4825-B9EE-CD7F43AB3D44}.Release|Any CPU.Build.0 = Release|Any CPU
		{5313D6D7-E1A6-4797-9AAA-F12BB4D96249}.Debug|Any CPU.ActiveCfg = Debug|Any CPU
		{5313D6D7-E1A6-4797-9AAA-F12BB4D96249}.Debug|Any CPU.Build.0 = Debug|Any CPU
		{5313D6D7-E1A6-4797-9AAA-F12BB4D96249}.Release|Any CPU.ActiveCfg = Release|Any CPU
		{5313D6D7-E1A6-4797-9AAA-F12BB4D96249}.Release|Any CPU.Build.0 = Release|Any CPU
		{BF0C8263-2604-D0D7-ABDA-8490A80E7B60}.Debug|Any CPU.ActiveCfg = Debug|Any CPU
		{BF0C8263-2604-D0D7-ABDA-8490A80E7B60}.Debug|Any CPU.Build.0 = Debug|Any CPU
		{BF0C8263-2604-D0D7-ABDA-8490A80E7B60}.Release|Any CPU.ActiveCfg = Release|Any CPU
		{BF0C8263-2604-D0D7-ABDA-8490A80E7B60}.Release|Any CPU.Build.0 = Release|Any CPU
	EndGlobalSection
	GlobalSection(SolutionProperties) = preSolution
		HideSolutionNode = FALSE
	EndGlobalSection
	GlobalSection(NestedProjects) = preSolution
		{4FF23357-BEA1-4825-B9EE-CD7F43AB3D44} = {02EA681E-C7D8-13C7-8484-4AC65E1B71E8}
		{5313D6D7-E1A6-4797-9AAA-F12BB4D96249} = {02EA681E-C7D8-13C7-8484-4AC65E1B71E8}
		{BF0C8263-2604-D0D7-ABDA-8490A80E7B60} = {02EA681E-C7D8-13C7-8484-4AC65E1B71E8}
	EndGlobalSection
	GlobalSection(ExtensibilityGlobals) = postSolution
		SolutionGuid = {B7AA37F9-49AE-44CB-9A9B-4559EB379986}
	EndGlobalSection
EndGlobal
